
Microsoft Visual Studio Solution File, Format Version 12.00
# Visual Studio 14
VisualStudioVersion = 14.0.25420.1
MinimumVisualStudioVersion = 10.0.40219.1
Project("{FAE04EC0-301F-11D3-BF4B-00C04F79EFBC}") = "UploadToDB_MVC", "UploadToDB_MVC\UploadToDB_MVC.csproj", "{BA2D3CA8-3EFD-4DE4-9E99-AB2B3F5E34D9}"
EndProject
Project("{FAE04EC0-301F-11D3-BF4B-00C04F79EFBC}") = "UploadToDB_WebForm", "UploadToDB_WebForm\UploadToDB_WebForm.csproj", "{0E7D7E97-4DDC-433F-8A0D-CCFD48FB1251}"
EndProject
Global
	GlobalSection(SolutionConfigurationPlatforms) = preSolution
		Debug|Any CPU = Debug|Any CPU
		Release|Any CPU = Release|Any CPU
	EndGlobalSection
	GlobalSection(ProjectConfigurationPlatforms) = postSolution
		{BA2D3CA8-3EFD-4DE4-9E99-AB2B3F5E34D9}.Debug|Any CPU.ActiveCfg = Debug|Any CPU
		{BA2D3CA8-3EFD-4DE4-9E99-AB2B3F5E34D9}.Debug|Any CPU.Build.0 = Debug|Any CPU
		{BA2D3CA8-3EFD-4DE4-9E99-AB2B3F5E34D9}.Release|Any CPU.ActiveCfg = Release|Any CPU
		{BA2D3CA8-3EFD-4DE4-9E99-AB2B3F5E34D9}.Release|Any CPU.Build.0 = Release|Any CPU
		{0E7D7E97-4DDC-433F-8A0D-CCFD48FB1251}.Debug|Any CPU.ActiveCfg = Debug|Any CPU
		{0E7D7E97-4DDC-433F-8A0D-CCFD48FB1251}.Debug|Any CPU.Build.0 = Debug|Any CPU
		{0E7D7E97-4DDC-433F-8A0D-CCFD48FB1251}.Release|Any CPU.ActiveCfg = Release|Any CPU
		{0E7D7E97-4DDC-433F-8A0D-CCFD48FB1251}.Release|Any CPU.Build.0 = Release|Any CPU
	EndGlobalSection
	GlobalSection(SolutionProperties) = preSolution
		HideSolutionNode = FALSE
	EndGlobalSection
EndGlobal
